
Microsoft Visual Studio Solution File, Format Version 12.00
# Visual Studio Version 17
VisualStudioVersion = 17.8.34601.278
MinimumVisualStudioVersion = 10.0.40219.1
Project("{FAE04EC0-301F-11D3-BF4B-00C04F79EFBC}") = "Hotel", "Hotel\Hotel.csproj", "{46D1D6E9-44EE-4680-BD3E-33E1811DEF56}"
EndProject
Global
	GlobalSection(SolutionConfigurationPlatforms) = preSolution
		Debug|Any CPU = Debug|Any CPU
		Release|Any CPU = Release|Any CPU
	EndGlobalSection
	GlobalSection(ProjectConfigurationPlatforms) = postSolution
		{46D1D6E9-44EE-4680-BD3E-33E1811DEF56}.Debug|Any CPU.ActiveCfg = Debug|Any CPU
		{46D1D6E9-44EE-4680-BD3E-33E1811DEF56}.Debug|Any CPU.Build.0 = Debug|Any CPU
		{46D1D6E9-44EE-4680-BD3E-33E1811DEF56}.Release|Any CPU.ActiveCfg = Release|Any CPU
		{46D1D6E9-44EE-4680-BD3E-33E1811DEF56}.Release|Any CPU.Build.0 = Release|Any CPU
	EndGlobalSection
	GlobalSection(SolutionProperties) = preSolution
		HideSolutionNode = FALSE
	EndGlobalSection
	GlobalSection(ExtensibilityGlobals) = postSolution
		SolutionGuid = {54718FEC-572C-4797-931C-795F8174FD6A}
	EndGlobalSection
EndGlobal
